
Microsoft Visual Studio Solution File, Format Version 12.00
# Visual Studio Version 17
VisualStudioVersion = 17.2.32602.215
MinimumVisualStudioVersion = 10.0.40219.1
Project("{FAE04EC0-301F-11D3-BF4B-00C04F79EFBC}") = "TestMvcProject", "TestMvcProject\TestMvcProject.csproj", "{60558940-FD4C-47C5-92DA-4C8F35EEE8BF}"
EndProject
Global
	GlobalSection(SolutionConfigurationPlatforms) = preSolution
		Debug|Any CPU = Debug|Any CPU
		Release|Any CPU = Release|Any CPU
	EndGlobalSection
	GlobalSection(ProjectConfigurationPlatforms) = postSolution
		{60558940-FD4C-47C5-92DA-4C8F35EEE8BF}.Debug|Any CPU.ActiveCfg = Debug|Any CPU
		{60558940-FD4C-47C5-92DA-4C8F35EEE8BF}.Debug|Any CPU.Build.0 = Debug|Any CPU
		{60558940-FD4C-47C5-92DA-4C8F35EEE8BF}.Release|Any CPU.ActiveCfg = Release|Any CPU
		{60558940-FD4C-47C5-92DA-4C8F35EEE8BF}.Release|Any CPU.Build.0 = Release|Any CPU
	EndGlobalSection
	GlobalSection(SolutionProperties) = preSolution
		HideSolutionNode = FALSE
	EndGlobalSection
	GlobalSection(ExtensibilityGlobals) = postSolution
		SolutionGuid = {7459F64F-6DF7-4C29-8220-50987AA17052}
	EndGlobalSection
EndGlobal
